{
    "_readme": [
        "This file locks the dependencies of your project to a known state",
        "Read more about it at https://getcomposer.org/doc/01-basic-usage.md#installing-dependencies",
        "This file is @generated automatically"
    ],
    "content-hash": "67933761269b0f9bad2fa5f2ed1f74a8",
    "packages": [
        {
            "name": "erusev/parsedown",
            "version": "1.8.0-beta-7",
            "source": {
                "type": "git",
                "url": "https://github.com/erusev/parsedown.git",
                "reference": "fe7a50eceb4a3c867cc9fa9c0aa906b1067d1955"
            },
            "dist": {
                "type": "zip",
                "url": "https://api.github.com/repos/erusev/parsedown/zipball/fe7a50eceb4a3c867cc9fa9c0aa906b1067d1955",
                "reference": "fe7a50eceb4a3c867cc9fa9c0aa906b1067d1955",
                "shasum": ""
            },
            "require": {
                "ext-mbstring": "*",
                "php": ">=5.3.0"
            },
            "require-dev": {
                "phpunit/phpunit": "^4.8.35"
            },
            "type": "library",
            "autoload": {
                "psr-0": {
                    "Parsedown": ""
                }
            },
            "notification-url": "https://packagist.org/downloads/",
            "license": [
                "MIT"
            ],
            "authors": [
                {
                    "name": "Emanuil Rusev",
                    "email": "hello@erusev.com",
                    "homepage": "http://erusev.com"
                }
            ],
            "description": "Parser for Markdown.",
            "homepage": "http://parsedown.org",
            "keywords": [
                "markdown",
                "parser"
            ],
            "support": {
                "issues": "https://github.com/erusev/parsedown/issues",
                "source": "https://github.com/erusev/parsedown/tree/1.8.0-beta-7"
            },
            "time": "2019-03-17T18:47:21+00:00"
        },
        {
            "name": "icamys/php-sitemap-generator",
            "version": "4.4.1",
            "source": {
                "type": "git",
                "url": "https://github.com/icamys/php-sitemap-generator.git",
                "reference": "a43e954b0c5a4fa47f4aac7a7c0ca46c2f1c2c24"
            },
            "dist": {
                "type": "zip",
                "url": "https://api.github.com/repos/icamys/php-sitemap-generator/zipball/a43e954b0c5a4fa47f4aac7a7c0ca46c2f1c2c24",
                "reference": "a43e954b0c5a4fa47f4aac7a7c0ca46c2f1c2c24",
                "shasum": ""
            },
            "require": {
                "ext-curl": "*",
                "ext-dom": "*",
                "ext-mbstring": "*",
                "ext-simplexml": "*",
                "ext-spl": "*",
                "ext-xml": "*",
                "ext-xmlwriter": "*",
                "ext-zlib": "*",
                "php": "^7.3 || ^8.0"
            },
            "require-dev": {
                "php-mock/php-mock-phpunit": "^2.6.0",
                "phpunit/phpunit": "^9.3.8"
            },
            "type": "library",
            "autoload": {
                "psr-4": {
                    "Icamys\\SitemapGenerator\\": "src/"
                }
            },
            "notification-url": "https://packagist.org/downloads/",
            "license": [
                "MIT"
            ],
            "authors": [
                {
                    "name": "Dmitrii Prisacari",
                    "email": "prisacari.dmitrii@gmail.com",
                    "homepage": "https://github.com/icamys/"
                }
            ],
            "description": "Simple PHP sitemap generator.",
            "homepage": "https://github.com/icamys/php-sitemap-generator",
            "keywords": [
                "PSR-1",
                "PSR-2",
                "PSR-4",
                "Sitemap",
                "generator",
                "php"
            ],
            "support": {
                "issues": "https://github.com/icamys/php-sitemap-generator/issues",
                "source": "https://github.com/icamys/php-sitemap-generator/tree/4.4.1"
            },
            "time": "2022-04-06T22:39:30+00:00"
        }
    ],
    "packages-dev": [],
    "aliases": [],
    "minimum-stability": "dev",
    "stability-flags": [],
    "prefer-stable": false,
    "prefer-lowest": false,
    "platform": [],
    "platform-dev": [],
    "plugin-api-version": "2.0.0"
}
